
Microsoft Visual Studio Solution File, Format Version 12.00
# Visual Studio Version 17
VisualStudioVersion = 17.3.32929.385
MinimumVisualStudioVersion = 10.0.40219.1
Project("{9A19103F-16F7-4668-BE54-9A1E7A4F7556}") = "EntitiesPresenter", "EntitiesPresenter\EntitiesPresenter.csproj", "{A6390BB9-B82C-469D-84DD-AA9E82D0B69E}"
EndProject
Project("{9A19103F-16F7-4668-BE54-9A1E7A4F7556}") = "EntitiesCreator", "EntitiesCreator\EntitiesCreator.csproj", "{119EE59F-6BB5-423A-8600-04B19546E0FF}"
EndProject
Project("{FAE04EC0-301F-11D3-BF4B-00C04F79EFBC}") = "Common", "Common\Common.csproj", "{DF8DB413-4811-44D6-A282-31FA9214F725}"
EndProject
Global
	GlobalSection(SolutionConfigurationPlatforms) = preSolution
		Debug|Any CPU = Debug|Any CPU
		Release|Any CPU = Release|Any CPU
	EndGlobalSection
	GlobalSection(ProjectConfigurationPlatforms) = postSolution
		{A6390BB9-B82C-469D-84DD-AA9E82D0B69E}.Debug|Any CPU.ActiveCfg = Debug|Any CPU
		{A6390BB9-B82C-469D-84DD-AA9E82D0B69E}.Debug|Any CPU.Build.0 = Debug|Any CPU
		{A6390BB9-B82C-469D-84DD-AA9E82D0B69E}.Release|Any CPU.ActiveCfg = Release|Any CPU
		{A6390BB9-B82C-469D-84DD-AA9E82D0B69E}.Release|Any CPU.Build.0 = Release|Any CPU
		{119EE59F-6BB5-423A-8600-04B19546E0FF}.Debug|Any CPU.ActiveCfg = Debug|Any CPU
		{119EE59F-6BB5-423A-8600-04B19546E0FF}.Debug|Any CPU.Build.0 = Debug|Any CPU
		{119EE59F-6BB5-423A-8600-04B19546E0FF}.Release|Any CPU.ActiveCfg = Release|Any CPU
		{119EE59F-6BB5-423A-8600-04B19546E0FF}.Release|Any CPU.Build.0 = Release|Any CPU
		{DF8DB413-4811-44D6-A282-31FA9214F725}.Debug|Any CPU.ActiveCfg = Debug|Any CPU
		{DF8DB413-4811-44D6-A282-31FA9214F725}.Debug|Any CPU.Build.0 = Debug|Any CPU
		{DF8DB413-4811-44D6-A282-31FA9214F725}.Release|Any CPU.ActiveCfg = Release|Any CPU
		{DF8DB413-4811-44D6-A282-31FA9214F725}.Release|Any CPU.Build.0 = Release|Any CPU
	EndGlobalSection
	GlobalSection(SolutionProperties) = preSolution
		HideSolutionNode = FALSE
	EndGlobalSection
	GlobalSection(ExtensibilityGlobals) = postSolution
		SolutionGuid = {0FD19A55-D0FE-42F2-8DE5-4C754297A588}
	EndGlobalSection
EndGlobal
